
Microsoft Visual Studio Solution File, Format Version 12.00
# Visual Studio Version 17
VisualStudioVersion = 17.0.32126.317
MinimumVisualStudioVersion = 10.0.40219.1
Project("{2150E333-8FDC-42A3-9474-1A3956D46DE8}") = "FrontEnd", "FrontEnd", "{9879792E-098B-4F5E-92AE-831B864B5F23}"
EndProject
Project("{9A19103F-16F7-4668-BE54-9A1E7A4F7556}") = "CM.Web", "CM.Web\CM.Web.csproj", "{DC1DA9DC-0926-4468-B605-9247D4490C1B}"
EndProject
Project("{2150E333-8FDC-42A3-9474-1A3956D46DE8}") = "Services", "Services", "{C68E5CE0-6224-4C76-BC10-11CC1203DE42}"
EndProject
Project("{9A19103F-16F7-4668-BE54-9A1E7A4F7556}") = "CM.Services.AssignmentProcessApi", "CM.Services.AssignmentProcessApi\CM.Services.AssignmentProcessApi.csproj", "{C931D5C3-3C46-458C-99EF-A960166B7A0D}"
EndProject
Project("{9A19103F-16F7-4668-BE54-9A1E7A4F7556}") = "CM.Service.Identity", "CM.Service.Identity\CM.Service.Identity.csproj", "{C6785D2C-0A43-4BC4-8661-787A2E515D09}"
EndProject
Global
	GlobalSection(SolutionConfigurationPlatforms) = preSolution
		Debug|Any CPU = Debug|Any CPU
		Release|Any CPU = Release|Any CPU
	EndGlobalSection
	GlobalSection(ProjectConfigurationPlatforms) = postSolution
		{DC1DA9DC-0926-4468-B605-9247D4490C1B}.Debug|Any CPU.ActiveCfg = Debug|Any CPU
		{DC1DA9DC-0926-4468-B605-9247D4490C1B}.Debug|Any CPU.Build.0 = Debug|Any CPU
		{DC1DA9DC-0926-4468-B605-9247D4490C1B}.Release|Any CPU.ActiveCfg = Release|Any CPU
		{DC1DA9DC-0926-4468-B605-9247D4490C1B}.Release|Any CPU.Build.0 = Release|Any CPU
		{C931D5C3-3C46-458C-99EF-A960166B7A0D}.Debug|Any CPU.ActiveCfg = Debug|Any CPU
		{C931D5C3-3C46-458C-99EF-A960166B7A0D}.Debug|Any CPU.Build.0 = Debug|Any CPU
		{C931D5C3-3C46-458C-99EF-A960166B7A0D}.Release|Any CPU.ActiveCfg = Release|Any CPU
		{C931D5C3-3C46-458C-99EF-A960166B7A0D}.Release|Any CPU.Build.0 = Release|Any CPU
		{C6785D2C-0A43-4BC4-8661-787A2E515D09}.Debug|Any CPU.ActiveCfg = Debug|Any CPU
		{C6785D2C-0A43-4BC4-8661-787A2E515D09}.Debug|Any CPU.Build.0 = Debug|Any CPU
		{C6785D2C-0A43-4BC4-8661-787A2E515D09}.Release|Any CPU.ActiveCfg = Release|Any CPU
		{C6785D2C-0A43-4BC4-8661-787A2E515D09}.Release|Any CPU.Build.0 = Release|Any CPU
	EndGlobalSection
	GlobalSection(SolutionProperties) = preSolution
		HideSolutionNode = FALSE
	EndGlobalSection
	GlobalSection(NestedProjects) = preSolution
		{DC1DA9DC-0926-4468-B605-9247D4490C1B} = {9879792E-098B-4F5E-92AE-831B864B5F23}
		{C931D5C3-3C46-458C-99EF-A960166B7A0D} = {C68E5CE0-6224-4C76-BC10-11CC1203DE42}
		{C6785D2C-0A43-4BC4-8661-787A2E515D09} = {C68E5CE0-6224-4C76-BC10-11CC1203DE42}
	EndGlobalSection
	GlobalSection(ExtensibilityGlobals) = postSolution
		SolutionGuid = {75FB3A8B-A076-46FD-8E90-0C9F858E8720}
	EndGlobalSection
EndGlobal
